
Microsoft Visual Studio Solution File, Format Version 12.00
# Visual Studio Version 16
VisualStudioVersion = 16.0.32228.343
MinimumVisualStudioVersion = 10.0.40219.1
Project("{2150E333-8FDC-42A3-9474-1A3956D46DE8}") = "Services", "Services", "{7F446AEC-EB94-49EA-B048-A7B569FD7849}"
EndProject
Project("{2150E333-8FDC-42A3-9474-1A3956D46DE8}") = "Catalog", "Catalog", "{492B1A82-0CFF-4865-980D-D9F831CEEA10}"
EndProject
Project("{FAE04EC0-301F-11D3-BF4B-00C04F79EFBC}") = "Catalog.API", "Services\Catalog\Catalog.API\Catalog.API.csproj", "{829C49AD-0306-4BAA-8629-8F280853C617}"
EndProject
Global
	GlobalSection(SolutionConfigurationPlatforms) = preSolution
		Debug|Any CPU = Debug|Any CPU
		Release|Any CPU = Release|Any CPU
	EndGlobalSection
	GlobalSection(ProjectConfigurationPlatforms) = postSolution
		{829C49AD-0306-4BAA-8629-8F280853C617}.Debug|Any CPU.ActiveCfg = Debug|Any CPU
		{829C49AD-0306-4BAA-8629-8F280853C617}.Debug|Any CPU.Build.0 = Debug|Any CPU
		{829C49AD-0306-4BAA-8629-8F280853C617}.Release|Any CPU.ActiveCfg = Release|Any CPU
		{829C49AD-0306-4BAA-8629-8F280853C617}.Release|Any CPU.Build.0 = Release|Any CPU
	EndGlobalSection
	GlobalSection(SolutionProperties) = preSolution
		HideSolutionNode = FALSE
	EndGlobalSection
	GlobalSection(NestedProjects) = preSolution
		{492B1A82-0CFF-4865-980D-D9F831CEEA10} = {7F446AEC-EB94-49EA-B048-A7B569FD7849}
		{829C49AD-0306-4BAA-8629-8F280853C617} = {492B1A82-0CFF-4865-980D-D9F831CEEA10}
	EndGlobalSection
	GlobalSection(ExtensibilityGlobals) = postSolution
		SolutionGuid = {30782286-9794-4ED3-BC99-1610888A9521}
	EndGlobalSection
EndGlobal
